// !$*UTF8*$!
{
	archiveVersion = 1;
	classes = {
	};
	objectVersion = 46;
	objects = {

/* Begin PBXBuildFile section */
		31A6A407CDF1F09E091717E4 /* libPods-Grade ConverterUITests.a in Frameworks */ = {isa = PBXBuildFile; fileRef = 11D18186BDBF4AD900574579 /* libPods-Grade ConverterUITests.a */; };
		75CA3E39B5DF1880358E959F /* libPods-Grade ConverterTests.a in Frameworks */ = {isa = PBXBuildFile; fileRef = D0C3E092D5900472DE01404E /* libPods-Grade ConverterTests.a */; };
		8503CFE4EB75073ADFFDEEF6 /* Pods_Grade_Converter_Pro.framework in Frameworks */ = {isa = PBXBuildFile; fileRef = E5AC327A07886A870175D715 /* Pods_Grade_Converter_Pro.framework */; };
		D32312125837ECA4120D1E7F /* libPods-Grade Converter.a in Frameworks */ = {isa = PBXBuildFile; fileRef = 15BF548F3B332458DF25E116 /* libPods-Grade Converter.a */; };
		DB05E9C91B67330F00577CCD /* Localization.swift in Sources */ = {isa = PBXBuildFile; fileRef = DB05E9C81B67330F00577CCD /* Localization.swift */; };
		DB0B674C21444C6E000056DF /* GoogleService-Info.plist in Resources */ = {isa = PBXBuildFile; fileRef = DB0B674B21444C6D000056DF /* GoogleService-Info.plist */; };
		DB31CF761F03061500E7837E /* GoogleService-Info.plist in Resources */ = {isa = PBXBuildFile; fileRef = DB31CF751F03061500E7837E /* GoogleService-Info.plist */; };
		DB3DF58E1B4235C900141E47 /* PresentationController.swift in Sources */ = {isa = PBXBuildFile; fileRef = DB3DF58D1B4235C900141E47 /* PresentationController.swift */; };
		DB3DF5BE1B439D5A00141E47 /* UIView+Additions.swift in Sources */ = {isa = PBXBuildFile; fileRef = DB3DF5BD1B439D5A00141E47 /* UIView+Additions.swift */; };
		DB5DC3BA1B3B968D0016F707 /* NSUserDefaults+Additions.swift in Sources */ = {isa = PBXBuildFile; fileRef = DB5DC3B91B3B968D0016F707 /* NSUserDefaults+Additions.swift */; };
		DB5DC3BD1B3B96E70016F707 /* NSUserDefaultsTest.swift in Sources */ = {isa = PBXBuildFile; fileRef = DB5DC3BC1B3B96E70016F707 /* NSUserDefaultsTest.swift */; };
		DB5DC3C01B3BAB890016F707 /* AddTableViewCell.swift in Sources */ = {isa = PBXBuildFile; fileRef = DB5DC3BE1B3BAB890016F707 /* AddTableViewCell.swift */; };
		DB5DC3C31B3BAECF0016F707 /* EditViewController.swift in Sources */ = {isa = PBXBuildFile; fileRef = DB5DC3C21B3BAECF0016F707 /* EditViewController.swift */; };
		DB5DC3C61B3BBDE50016F707 /* EditTableViewCell.swift in Sources */ = {isa = PBXBuildFile; fileRef = DB5DC3C41B3BBDE50016F707 /* EditTableViewCell.swift */; };
		DB5DC3C71B3BBDE50016F707 /* EditTableViewCell.xib in Resources */ = {isa = PBXBuildFile; fileRef = DB5DC3C51B3BBDE50016F707 /* EditTableViewCell.xib */; };
		DB5DC3CB1B3BE9230016F707 /* UIColor+Additions.swift in Sources */ = {isa = PBXBuildFile; fileRef = DB5DC3CA1B3BE9230016F707 /* UIColor+Additions.swift */; };
		DB711BEB1C499D300000C82B /* Grade_ConverterUITests.swift in Sources */ = {isa = PBXBuildFile; fileRef = DB711BEA1C499D300000C82B /* Grade_ConverterUITests.swift */; };
		DB711BF21C499D600000C82B /* FastlaneSnapshotUITests.swift in Sources */ = {isa = PBXBuildFile; fileRef = DB711BE31C499D1E0000C82B /* FastlaneSnapshotUITests.swift */; };
		DB711BF41C499D770000C82B /* SnapshotHelper.swift in Sources */ = {isa = PBXBuildFile; fileRef = DB711BF31C499D770000C82B /* SnapshotHelper.swift */; };
		DB79CB911B640B7D000024A5 /* UILabel+Additions.swift in Sources */ = {isa = PBXBuildFile; fileRef = DB79CB901B640B7D000024A5 /* UILabel+Additions.swift */; };
		DB79CB9D1B646FE3000024A5 /* rounded-mplus-2p-heavy.ttf in Resources */ = {isa = PBXBuildFile; fileRef = DB79CB9B1B646FE3000024A5 /* rounded-mplus-2p-heavy.ttf */; };
		DB79CB9E1B646FE3000024A5 /* rounded-mplus-2p-light.ttf in Resources */ = {isa = PBXBuildFile; fileRef = DB79CB9C1B646FE3000024A5 /* rounded-mplus-2p-light.ttf */; };
		DB79CBA01B655C4D000024A5 /* InfoViewController.swift in Sources */ = {isa = PBXBuildFile; fileRef = DB79CB9F1B655C4D000024A5 /* InfoViewController.swift */; };
		DB79CBA21B65F07C000024A5 /* FormSheetPresentationAnimatingTransitioning.swift in Sources */ = {isa = PBXBuildFile; fileRef = DB79CBA11B65F07C000024A5 /* FormSheetPresentationAnimatingTransitioning.swift */; };
		DB79CBA41B65F8F0000024A5 /* PresentationAnimatingTransitioning.swift in Sources */ = {isa = PBXBuildFile; fileRef = DB79CBA31B65F8F0000024A5 /* PresentationAnimatingTransitioning.swift */; };
		DB8BEF781EFA486C009F3FBE /* RxCocoa.framework in Frameworks */ = {isa = PBXBuildFile; fileRef = DB8BEF741EFA486C009F3FBE /* RxCocoa.framework */; };
		DB8BEF791EFA486C009F3FBE /* RxSwift.framework in Frameworks */ = {isa = PBXBuildFile; fileRef = DB8BEF751EFA486C009F3FBE /* RxSwift.framework */; settings = {ATTRIBUTES = (Required, ); }; };
		DB8BEF7A1EFA486C009F3FBE /* Alamofire.framework in Frameworks */ = {isa = PBXBuildFile; fileRef = DB8BEF761EFA486C009F3FBE /* Alamofire.framework */; };
		DB8BEF7B1EFA486C009F3FBE /* RxAlamofire.framework in Frameworks */ = {isa = PBXBuildFile; fileRef = DB8BEF771EFA486C009F3FBE /* RxAlamofire.framework */; };
		DB8BEF7E1EFA4989009F3FBE /* RxCocoa.framework in Frameworks */ = {isa = PBXBuildFile; fileRef = DB8BEF741EFA486C009F3FBE /* RxCocoa.framework */; };
		DB8BEF7F1EFA4989009F3FBE /* RxSwift.framework in Frameworks */ = {isa = PBXBuildFile; fileRef = DB8BEF751EFA486C009F3FBE /* RxSwift.framework */; };
		DB8BEF801EFA4989009F3FBE /* Alamofire.framework in Frameworks */ = {isa = PBXBuildFile; fileRef = DB8BEF761EFA486C009F3FBE /* Alamofire.framework */; };
		DB8BEF811EFA4989009F3FBE /* RxAlamofire.framework in Frameworks */ = {isa = PBXBuildFile; fileRef = DB8BEF771EFA486C009F3FBE /* RxAlamofire.framework */; };
		DB8BEF861EFA5830009F3FBE /* Alamofire.framework in Frameworks */ = {isa = PBXBuildFile; fileRef = DB8BEF761EFA486C009F3FBE /* Alamofire.framework */; };
		DB8BEF871EFA5830009F3FBE /* RxAlamofire.framework in Frameworks */ = {isa = PBXBuildFile; fileRef = DB8BEF771EFA486C009F3FBE /* RxAlamofire.framework */; };
		DB8BEF881EFA5830009F3FBE /* RxCocoa.framework in Frameworks */ = {isa = PBXBuildFile; fileRef = DB8BEF741EFA486C009F3FBE /* RxCocoa.framework */; };
		DB8BEF891EFA5830009F3FBE /* RxSwift.framework in Frameworks */ = {isa = PBXBuildFile; fileRef = DB8BEF751EFA486C009F3FBE /* RxSwift.framework */; };
		DB8BEF8A1EFA5861009F3FBE /* Crashlytics.framework in Frameworks */ = {isa = PBXBuildFile; fileRef = DBFAD8371B6807A500EF244F /* Crashlytics.framework */; };
		DB8BEF8B1EFA5861009F3FBE /* Fabric.framework in Frameworks */ = {isa = PBXBuildFile; fileRef = DBFAD8361B6807A500EF244F /* Fabric.framework */; };
		DB940B441B3615F400E996F8 /* AppDelegate.swift in Sources */ = {isa = PBXBuildFile; fileRef = DB940B431B3615F400E996F8 /* AppDelegate.swift */; };
		DB940B461B3615F400E996F8 /* MainViewController.swift in Sources */ = {isa = PBXBuildFile; fileRef = DB940B451B3615F400E996F8 /* MainViewController.swift */; };
		DB940B491B3615F400E996F8 /* Main.storyboard in Resources */ = {isa = PBXBuildFile; fileRef = DB940B471B3615F400E996F8 /* Main.storyboard */; };
		DB940B4B1B3615F400E996F8 /* Images.xcassets in Resources */ = {isa = PBXBuildFile; fileRef = DB940B4A1B3615F400E996F8 /* Images.xcassets */; };
		DB940B4E1B3615F400E996F8 /* LaunchScreen.xib in Resources */ = {isa = PBXBuildFile; fileRef = DB940B4C1B3615F400E996F8 /* LaunchScreen.xib */; };
		DB940B5A1B3615F400E996F8 /* Grade_ConverterTests.swift in Sources */ = {isa = PBXBuildFile; fileRef = DB940B591B3615F400E996F8 /* Grade_ConverterTests.swift */; };
		DB940B651B361C3B00E996F8 /* MainTableViewCell.swift in Sources */ = {isa = PBXBuildFile; fileRef = DB940B631B361C3B00E996F8 /* MainTableViewCell.swift */; };
		DB940B661B361C3B00E996F8 /* MainTableViewCell.xib in Resources */ = {isa = PBXBuildFile; fileRef = DB940B641B361C3B00E996F8 /* MainTableViewCell.xib */; };
		DB940B691B364F3E00E996F8 /* GradeSystemTable.csv in Resources */ = {isa = PBXBuildFile; fileRef = DB940B681B364F3E00E996F8 /* GradeSystemTable.csv */; };
		DB940B6B1B364F6C00E996F8 /* GradeSystemTable.swift in Sources */ = {isa = PBXBuildFile; fileRef = DB940B6A1B364F6C00E996F8 /* GradeSystemTable.swift */; };
		DB940B6D1B3659E200E996F8 /* GradeSystemTableTest.swift in Sources */ = {isa = PBXBuildFile; fileRef = DB940B6C1B3659E200E996F8 /* GradeSystemTableTest.swift */; };
		DB9A8F7F1C9E3D1B005803F6 /* Localization.swift in Sources */ = {isa = PBXBuildFile; fileRef = DB05E9C81B67330F00577CCD /* Localization.swift */; };
		DB9A8F801C9E3D1B005803F6 /* Constants.swift in Sources */ = {isa = PBXBuildFile; fileRef = DBD38D201B3FCE8000F9E40F /* Constants.swift */; };
		DB9A8F811C9E3D1B005803F6 /* UIView+Additions.swift in Sources */ = {isa = PBXBuildFile; fileRef = DB3DF5BD1B439D5A00141E47 /* UIView+Additions.swift */; };
		DB9A8F821C9E3D1B005803F6 /* MainViewController.swift in Sources */ = {isa = PBXBuildFile; fileRef = DB940B451B3615F400E996F8 /* MainViewController.swift */; };
		DB9A8F831C9E3D1B005803F6 /* UILabel+Additions.swift in Sources */ = {isa = PBXBuildFile; fileRef = DB79CB901B640B7D000024A5 /* UILabel+Additions.swift */; };
		DB9A8F841C9E3D1B005803F6 /* GradeSystemTable.swift in Sources */ = {isa = PBXBuildFile; fileRef = DB940B6A1B364F6C00E996F8 /* GradeSystemTable.swift */; };
		DB9A8F851C9E3D1B005803F6 /* InfoViewController.swift in Sources */ = {isa = PBXBuildFile; fileRef = DB79CB9F1B655C4D000024A5 /* InfoViewController.swift */; };
		DB9A8F861C9E3D1B005803F6 /* PresentationAnimatingTransitioning.swift in Sources */ = {isa = PBXBuildFile; fileRef = DB79CBA31B65F8F0000024A5 /* PresentationAnimatingTransitioning.swift */; };
		DB9A8F871C9E3D1B005803F6 /* NSUserDefaults+Additions.swift in Sources */ = {isa = PBXBuildFile; fileRef = DB5DC3B91B3B968D0016F707 /* NSUserDefaults+Additions.swift */; };
		DB9A8F881C9E3D1B005803F6 /* FormSheetPresentationAnimatingTransitioning.swift in Sources */ = {isa = PBXBuildFile; fileRef = DB79CBA11B65F07C000024A5 /* FormSheetPresentationAnimatingTransitioning.swift */; };
		DB9A8F891C9E3D1B005803F6 /* EditTableViewCell.swift in Sources */ = {isa = PBXBuildFile; fileRef = DB5DC3C41B3BBDE50016F707 /* EditTableViewCell.swift */; };
		DB9A8F8A1C9E3D1B005803F6 /* AddTableViewCell.swift in Sources */ = {isa = PBXBuildFile; fileRef = DB5DC3BE1B3BAB890016F707 /* AddTableViewCell.swift */; };
		DB9A8F8B1C9E3D1B005803F6 /* SemiModalPresentationAnimatingTransitioning.swift in Sources */ = {isa = PBXBuildFile; fileRef = DBD38D261B41063A00F9E40F /* SemiModalPresentationAnimatingTransitioning.swift */; };
		DB9A8F8C1C9E3D1B005803F6 /* MainTableViewCell.swift in Sources */ = {isa = PBXBuildFile; fileRef = DB940B631B361C3B00E996F8 /* MainTableViewCell.swift */; };
		DB9A8F8D1C9E3D1B005803F6 /* AppDelegate.swift in Sources */ = {isa = PBXBuildFile; fileRef = DB940B431B3615F400E996F8 /* AppDelegate.swift */; };
		DB9A8F8E1C9E3D1B005803F6 /* EditViewController.swift in Sources */ = {isa = PBXBuildFile; fileRef = DB5DC3C21B3BAECF0016F707 /* EditViewController.swift */; };
		DB9A8F8F1C9E3D1B005803F6 /* UIColor+Additions.swift in Sources */ = {isa = PBXBuildFile; fileRef = DB5DC3CA1B3BE9230016F707 /* UIColor+Additions.swift */; };
		DB9A8F901C9E3D1B005803F6 /* PresentationController.swift in Sources */ = {isa = PBXBuildFile; fileRef = DB3DF58D1B4235C900141E47 /* PresentationController.swift */; };
		DB9A8F921C9E3D1B005803F6 /* Crashlytics.framework in Frameworks */ = {isa = PBXBuildFile; fileRef = DBFAD8371B6807A500EF244F /* Crashlytics.framework */; };
		DB9A8F931C9E3D1B005803F6 /* Fabric.framework in Frameworks */ = {isa = PBXBuildFile; fileRef = DBFAD8361B6807A500EF244F /* Fabric.framework */; };
		DB9A8F951C9E3D1B005803F6 /* Main.storyboard in Resources */ = {isa = PBXBuildFile; fileRef = DB940B471B3615F400E996F8 /* Main.storyboard */; };
		DB9A8F971C9E3D1B005803F6 /* GradeSystemTable.csv in Resources */ = {isa = PBXBuildFile; fileRef = DB940B681B364F3E00E996F8 /* GradeSystemTable.csv */; };
		DB9A8F981C9E3D1B005803F6 /* LaunchScreen.xib in Resources */ = {isa = PBXBuildFile; fileRef = DB940B4C1B3615F400E996F8 /* LaunchScreen.xib */; };
		DB9A8F991C9E3D1B005803F6 /* AddTableViewCell.xib in Resources */ = {isa = PBXBuildFile; fileRef = DBD8DFDD1B56574D0078111B /* AddTableViewCell.xib */; };
		DB9A8F9A1C9E3D1B005803F6 /* MainTableViewCell.xib in Resources */ = {isa = PBXBuildFile; fileRef = DB940B641B361C3B00E996F8 /* MainTableViewCell.xib */; };
		DB9A8F9B1C9E3D1B005803F6 /* Localizable.strings in Resources */ = {isa = PBXBuildFile; fileRef = DBD8DFE61B56C08F0078111B /* Localizable.strings */; };
		DB9A8F9C1C9E3D1B005803F6 /* rounded-mplus-2p-light.ttf in Resources */ = {isa = PBXBuildFile; fileRef = DB79CB9C1B646FE3000024A5 /* rounded-mplus-2p-light.ttf */; };
		DB9A8F9D1C9E3D1B005803F6 /* EditTableViewCell.xib in Resources */ = {isa = PBXBuildFile; fileRef = DB5DC3C51B3BBDE50016F707 /* EditTableViewCell.xib */; };
		DB9A8F9E1C9E3D1B005803F6 /* rounded-mplus-2p-heavy.ttf in Resources */ = {isa = PBXBuildFile; fileRef = DB79CB9B1B646FE3000024A5 /* rounded-mplus-2p-heavy.ttf */; };
		DB9A8FA01C9E3D1B005803F6 /* Images.xcassets in Resources */ = {isa = PBXBuildFile; fileRef = DB940B4A1B3615F400E996F8 /* Images.xcassets */; };
		DB9A8FA71C9E3D6E005803F6 /* InfoPlist.strings in Resources */ = {isa = PBXBuildFile; fileRef = DB9A8F451C9E3905005803F6 /* InfoPlist.strings */; };
		DB9A8FA81C9E3D8B005803F6 /* InfoPlist.strings in Resources */ = {isa = PBXBuildFile; fileRef = DB9A8F491C9E390D005803F6 /* InfoPlist.strings */; };
		DBD38D211B3FCE8000F9E40F /* Constants.swift in Sources */ = {isa = PBXBuildFile; fileRef = DBD38D201B3FCE8000F9E40F /* Constants.swift */; };
		DBD38D271B41063A00F9E40F /* SemiModalPresentationAnimatingTransitioning.swift in Sources */ = {isa = PBXBuildFile; fileRef = DBD38D261B41063A00F9E40F /* SemiModalPresentationAnimatingTransitioning.swift */; };
		DBD8DFDB1B56574D0078111B /* AddTableViewCell.xib in Resources */ = {isa = PBXBuildFile; fileRef = DBD8DFDD1B56574D0078111B /* AddTableViewCell.xib */; };
		DBD8DFE41B56C08F0078111B /* Localizable.strings in Resources */ = {isa = PBXBuildFile; fileRef = DBD8DFE61B56C08F0078111B /* Localizable.strings */; };
		DBD8DFE81B56C11E0078111B /* Localizable.strings in Resources */ = {isa = PBXBuildFile; fileRef = DBD8DFE61B56C08F0078111B /* Localizable.strings */; };
		DBFAD8381B6807A500EF244F /* Fabric.framework in Frameworks */ = {isa = PBXBuildFile; fileRef = DBFAD8361B6807A500EF244F /* Fabric.framework */; };
		DBFAD8391B6807A500EF244F /* Crashlytics.framework in Frameworks */ = {isa = PBXBuildFile; fileRef = DBFAD8371B6807A500EF244F /* Crashlytics.framework */; };
/* End PBXBuildFile section */

/* Begin PBXContainerItemProxy section */
		DB0B674D21444D34000056DF /* PBXContainerItemProxy */ = {
			isa = PBXContainerItemProxy;
			containerPortal = DB940B361B3615F400E996F8 /* Project object */;
			proxyType = 1;
			remoteGlobalIDString = DB940B3D1B3615F400E996F8;
			remoteInfo = "Grade Converter";
		};
		DB8BEF6D1EF8D532009F3FBE /* PBXContainerItemProxy */ = {
			isa = PBXContainerItemProxy;
			containerPortal = DB940B361B3615F400E996F8 /* Project object */;
			proxyType = 1;
			remoteGlobalIDString = DB9A8F7D1C9E3D1B005803F6;
			remoteInfo = "Grade Converter Pro";
		};
		DB940B541B3615F400E996F8 /* PBXContainerItemProxy */ = {
			isa = PBXContainerItemProxy;
			containerPortal = DB940B361B3615F400E996F8 /* Project object */;
			proxyType = 1;
			remoteGlobalIDString = DB940B3D1B3615F400E996F8;
			remoteInfo = "Grade Converter";
		};
/* End PBXContainerItemProxy section */

/* Begin PBXFileReference section */
		11ACBC314021B6B0B8C51082 /* Pods-Grade Converter.debug.xcconfig */ = {isa = PBXFileReference; includeInIndex = 1; lastKnownFileType = text.xcconfig; name = "Pods-Grade Converter.debug.xcconfig"; path = "Pods/Target Support Files/Pods-Grade Converter/Pods-Grade Converter.debug.xcconfig"; sourceTree = "<group>"; };
		11D18186BDBF4AD900574579 /* libPods-Grade ConverterUITests.a */ = {isa = PBXFileReference; explicitFileType = archive.ar; includeInIndex = 0; path = "libPods-Grade ConverterUITests.a"; sourceTree = BUILT_PRODUCTS_DIR; };
		15BF548F3B332458DF25E116 /* libPods-Grade Converter.a */ = {isa = PBXFileReference; explicitFileType = archive.ar; includeInIndex = 0; path = "libPods-Grade Converter.a"; sourceTree = BUILT_PRODUCTS_DIR; };
		1722EDE481619DB2D4B5804B /* Pods-Grade ConverterTests.release.xcconfig */ = {isa = PBXFileReference; includeInIndex = 1; lastKnownFileType = text.xcconfig; name = "Pods-Grade ConverterTests.release.xcconfig"; path = "Pods/Target Support Files/Pods-Grade ConverterTests/Pods-Grade ConverterTests.release.xcconfig"; sourceTree = "<group>"; };
		19AD17B0163E3F477F0B71A6 /* Pods-Grade Converter Pro.release.xcconfig */ = {isa = PBXFileReference; includeInIndex = 1; lastKnownFileType = text.xcconfig; name = "Pods-Grade Converter Pro.release.xcconfig"; path = "Pods/Target Support Files/Pods-Grade Converter Pro/Pods-Grade Converter Pro.release.xcconfig"; sourceTree = "<group>"; };
		4556031EA37B60DD7A730582 /* Pods-Grade Converter.release.xcconfig */ = {isa = PBXFileReference; includeInIndex = 1; lastKnownFileType = text.xcconfig; name = "Pods-Grade Converter.release.xcconfig"; path = "Pods/Target Support Files/Pods-Grade Converter/Pods-Grade Converter.release.xcconfig"; sourceTree = "<group>"; };
		4618E1BC9946D267A032E3C9 /* Pods-Grade ConverterUITests.release.xcconfig */ = {isa = PBXFileReference; includeInIndex = 1; lastKnownFileType = text.xcconfig; name = "Pods-Grade ConverterUITests.release.xcconfig"; path = "Pods/Target Support Files/Pods-Grade ConverterUITests/Pods-Grade ConverterUITests.release.xcconfig"; sourceTree = "<group>"; };
		52890E6D658631B1939AA0FA /* Pods-Grade ConverterUITests.debug.xcconfig */ = {isa = PBXFileReference; includeInIndex = 1; lastKnownFileType = text.xcconfig; name = "Pods-Grade ConverterUITests.debug.xcconfig"; path = "Pods/Target Support Files/Pods-Grade ConverterUITests/Pods-Grade ConverterUITests.debug.xcconfig"; sourceTree = "<group>"; };
		AEF56717EDDBBE187425E3D0 /* Pods-Grade ConverterTests.debug.xcconfig */ = {isa = PBXFileReference; includeInIndex = 1; lastKnownFileType = text.xcconfig; name = "Pods-Grade ConverterTests.debug.xcconfig"; path = "Pods/Target Support Files/Pods-Grade ConverterTests/Pods-Grade ConverterTests.debug.xcconfig"; sourceTree = "<group>"; };
		C6585F0ACC206DC068CBB85C /* Pods-Grade Converter Pro.debug.xcconfig */ = {isa = PBXFileReference; includeInIndex = 1; lastKnownFileType = text.xcconfig; name = "Pods-Grade Converter Pro.debug.xcconfig"; path = "Pods/Target Support Files/Pods-Grade Converter Pro/Pods-Grade Converter Pro.debug.xcconfig"; sourceTree = "<group>"; };
		D0C3E092D5900472DE01404E /* libPods-Grade ConverterTests.a */ = {isa = PBXFileReference; explicitFileType = archive.ar; includeInIndex = 0; path = "libPods-Grade ConverterTests.a"; sourceTree = BUILT_PRODUCTS_DIR; };
		DB05E9C81B67330F00577CCD /* Localization.swift */ = {isa = PBXFileReference; fileEncoding = 4; lastKnownFileType = sourcecode.swift; path = Localization.swift; sourceTree = "<group>"; };
		DB0B674B21444C6D000056DF /* GoogleService-Info.plist */ = {isa = PBXFileReference; fileEncoding = 4; lastKnownFileType = text.plist.xml; path = "GoogleService-Info.plist"; sourceTree = "<group>"; };
		DB31CF751F03061500E7837E /* GoogleService-Info.plist */ = {isa = PBXFileReference; fileEncoding = 4; lastKnownFileType = text.plist.xml; path = "GoogleService-Info.plist"; sourceTree = "<group>"; };
		DB3DF58D1B4235C900141E47 /* PresentationController.swift */ = {isa = PBXFileReference; fileEncoding = 4; lastKnownFileType = sourcecode.swift; path = PresentationController.swift; sourceTree = "<group>"; };
		DB3DF5BD1B439D5A00141E47 /* UIView+Additions.swift */ = {isa = PBXFileReference; fileEncoding = 4; lastKnownFileType = sourcecode.swift; path = "UIView+Additions.swift"; sourceTree = "<group>"; };
		DB5DC3B91B3B968D0016F707 /* NSUserDefaults+Additions.swift */ = {isa = PBXFileReference; fileEncoding = 4; lastKnownFileType = sourcecode.swift; path = "NSUserDefaults+Additions.swift"; sourceTree = "<group>"; };
		DB5DC3BC1B3B96E70016F707 /* NSUserDefaultsTest.swift */ = {isa = PBXFileReference; fileEncoding = 4; lastKnownFileType = sourcecode.swift; path = NSUserDefaultsTest.swift; sourceTree = "<group>"; };
		DB5DC3BE1B3BAB890016F707 /* AddTableViewCell.swift */ = {isa = PBXFileReference; fileEncoding = 4; lastKnownFileType = sourcecode.swift; path = AddTableViewCell.swift; sourceTree = "<group>"; };
		DB5DC3C21B3BAECF0016F707 /* EditViewController.swift */ = {isa = PBXFileReference; fileEncoding = 4; lastKnownFileType = sourcecode.swift; path = EditViewController.swift; sourceTree = "<group>"; };
		DB5DC3C41B3BBDE50016F707 /* EditTableViewCell.swift */ = {isa = PBXFileReference; fileEncoding = 4; lastKnownFileType = sourcecode.swift; path = EditTableViewCell.swift; sourceTree = "<group>"; };
		DB5DC3C51B3BBDE50016F707 /* EditTableViewCell.xib */ = {isa = PBXFileReference; fileEncoding = 4; lastKnownFileType = file.xib; path = EditTableViewCell.xib; sourceTree = "<group>"; };
		DB5DC3CA1B3BE9230016F707 /* UIColor+Additions.swift */ = {isa = PBXFileReference; fileEncoding = 4; lastKnownFileType = sourcecode.swift; path = "UIColor+Additions.swift"; sourceTree = "<group>"; };
		DB711BE31C499D1E0000C82B /* FastlaneSnapshotUITests.swift */ = {isa = PBXFileReference; lastKnownFileType = sourcecode.swift; path = FastlaneSnapshotUITests.swift; sourceTree = "<group>"; };
		DB711BE81C499D300000C82B /* Grade ConverterUITests.xctest */ = {isa = PBXFileReference; explicitFileType = wrapper.cfbundle; includeInIndex = 0; path = "Grade ConverterUITests.xctest"; sourceTree = BUILT_PRODUCTS_DIR; };
		DB711BEA1C499D300000C82B /* Grade_ConverterUITests.swift */ = {isa = PBXFileReference; lastKnownFileType = sourcecode.swift; path = Grade_ConverterUITests.swift; sourceTree = "<group>"; };
		DB711BEC1C499D300000C82B /* Info.plist */ = {isa = PBXFileReference; lastKnownFileType = text.plist.xml; path = Info.plist; sourceTree = "<group>"; };
		DB711BF31C499D770000C82B /* SnapshotHelper.swift */ = {isa = PBXFileReference; fileEncoding = 4; lastKnownFileType = sourcecode.swift; path = SnapshotHelper.swift; sourceTree = "<group>"; };
		DB76478D1B5311D900BF01E9 /* Grade Converter-Bridging-Header.h */ = {isa = PBXFileReference; fileEncoding = 4; lastKnownFileType = sourcecode.c.h; path = "Grade Converter-Bridging-Header.h"; sourceTree = "<group>"; };
		DB79CB901B640B7D000024A5 /* UILabel+Additions.swift */ = {isa = PBXFileReference; fileEncoding = 4; lastKnownFileType = sourcecode.swift; path = "UILabel+Additions.swift"; sourceTree = "<group>"; };
		DB79CB9B1B646FE3000024A5 /* rounded-mplus-2p-heavy.ttf */ = {isa = PBXFileReference; lastKnownFileType = file; path = "rounded-mplus-2p-heavy.ttf"; sourceTree = "<group>"; };
		DB79CB9C1B646FE3000024A5 /* rounded-mplus-2p-light.ttf */ = {isa = PBXFileReference; lastKnownFileType = file; path = "rounded-mplus-2p-light.ttf"; sourceTree = "<group>"; };
		DB79CB9F1B655C4D000024A5 /* InfoViewController.swift */ = {isa = PBXFileReference; fileEncoding = 4; lastKnownFileType = sourcecode.swift; path = InfoViewController.swift; sourceTree = "<group>"; };
		DB79CBA11B65F07C000024A5 /* FormSheetPresentationAnimatingTransitioning.swift */ = {isa = PBXFileReference; fileEncoding = 4; lastKnownFileType = sourcecode.swift; path = FormSheetPresentationAnimatingTransitioning.swift; sourceTree = "<group>"; };
		DB79CBA31B65F8F0000024A5 /* PresentationAnimatingTransitioning.swift */ = {isa = PBXFileReference; fileEncoding = 4; lastKnownFileType = sourcecode.swift; path = PresentationAnimatingTransitioning.swift; sourceTree = "<group>"; };
		DB79CBAC1B668BBB000024A5 /* en */ = {isa = PBXFileReference; lastKnownFileType = text.plist.strings; name = en; path = en.lproj/Main.storyboard; sourceTree = "<group>"; };
		DB79CBAE1B668BC2000024A5 /* ja */ = {isa = PBXFileReference; lastKnownFileType = text.plist.strings; name = ja; path = ja.lproj/Main.storyboard; sourceTree = "<group>"; };
		DB8BEF6F1EF8E34F009F3FBE /* Grade Converter.entitlements */ = {isa = PBXFileReference; lastKnownFileType = text.plist.entitlements; path = "Grade Converter.entitlements"; sourceTree = "<group>"; };
		DB8BEF701EF8E974009F3FBE /* Grade Converter Pro.entitlements */ = {isa = PBXFileReference; lastKnownFileType = text.plist.entitlements; path = "Grade Converter Pro.entitlements"; sourceTree = "<group>"; };
		DB8BEF741EFA486C009F3FBE /* RxCocoa.framework */ = {isa = PBXFileReference; lastKnownFileType = wrapper.framework; name = RxCocoa.framework; path = Carthage/Build/iOS/RxCocoa.framework; sourceTree = "<group>"; };
		DB8BEF751EFA486C009F3FBE /* RxSwift.framework */ = {isa = PBXFileReference; lastKnownFileType = wrapper.framework; name = RxSwift.framework; path = Carthage/Build/iOS/RxSwift.framework; sourceTree = "<group>"; };
		DB8BEF761EFA486C009F3FBE /* Alamofire.framework */ = {isa = PBXFileReference; lastKnownFileType = wrapper.framework; name = Alamofire.framework; path = Carthage/Build/iOS/Alamofire.framework; sourceTree = "<group>"; };
		DB8BEF771EFA486C009F3FBE /* RxAlamofire.framework */ = {isa = PBXFileReference; lastKnownFileType = wrapper.framework; name = RxAlamofire.framework; path = Carthage/Build/iOS/RxAlamofire.framework; sourceTree = "<group>"; };
		DB940B3E1B3615F400E996F8 /* Grade Converter.app */ = {isa = PBXFileReference; explicitFileType = wrapper.application; includeInIndex = 0; path = "Grade Converter.app"; sourceTree = BUILT_PRODUCTS_DIR; };
		DB940B421B3615F400E996F8 /* Info.plist */ = {isa = PBXFileReference; lastKnownFileType = text.plist.xml; path = Info.plist; sourceTree = "<group>"; };
		DB940B431B3615F400E996F8 /* AppDelegate.swift */ = {isa = PBXFileReference; lastKnownFileType = sourcecode.swift; path = AppDelegate.swift; sourceTree = "<group>"; };
		DB940B451B3615F400E996F8 /* MainViewController.swift */ = {isa = PBXFileReference; lastKnownFileType = sourcecode.swift; path = MainViewController.swift; sourceTree = "<group>"; };
		DB940B481B3615F400E996F8 /* Base */ = {isa = PBXFileReference; lastKnownFileType = file.storyboard; name = Base; path = Base.lproj/Main.storyboard; sourceTree = "<group>"; };
		DB940B4A1B3615F400E996F8 /* Images.xcassets */ = {isa = PBXFileReference; lastKnownFileType = folder.assetcatalog; path = Images.xcassets; sourceTree = "<group>"; };
		DB940B4D1B3615F400E996F8 /* Base */ = {isa = PBXFileReference; lastKnownFileType = file.xib; name = Base; path = Base.lproj/LaunchScreen.xib; sourceTree = "<group>"; };
		DB940B531B3615F400E996F8 /* Grade ConverterTests.xctest */ = {isa = PBXFileReference; explicitFileType = wrapper.cfbundle; includeInIndex = 0; path = "Grade ConverterTests.xctest"; sourceTree = BUILT_PRODUCTS_DIR; };
		DB940B581B3615F400E996F8 /* Info.plist */ = {isa = PBXFileReference; lastKnownFileType = text.plist.xml; path = Info.plist; sourceTree = "<group>"; };
		DB940B591B3615F400E996F8 /* Grade_ConverterTests.swift */ = {isa = PBXFileReference; lastKnownFileType = sourcecode.swift; path = Grade_ConverterTests.swift; sourceTree = "<group>"; };
		DB940B631B361C3B00E996F8 /* MainTableViewCell.swift */ = {isa = PBXFileReference; fileEncoding = 4; lastKnownFileType = sourcecode.swift; path = MainTableViewCell.swift; sourceTree = "<group>"; };
		DB940B641B361C3B00E996F8 /* MainTableViewCell.xib */ = {isa = PBXFileReference; fileEncoding = 4; lastKnownFileType = file.xib; path = MainTableViewCell.xib; sourceTree = "<group>"; };
		DB940B681B364F3E00E996F8 /* GradeSystemTable.csv */ = {isa = PBXFileReference; fileEncoding = 4; lastKnownFileType = text; path = GradeSystemTable.csv; sourceTree = "<group>"; };
		DB940B6A1B364F6C00E996F8 /* GradeSystemTable.swift */ = {isa = PBXFileReference; fileEncoding = 4; lastKnownFileType = sourcecode.swift; path = GradeSystemTable.swift; sourceTree = "<group>"; };
		DB940B6C1B3659E200E996F8 /* GradeSystemTableTest.swift */ = {isa = PBXFileReference; fileEncoding = 4; lastKnownFileType = sourcecode.swift; path = GradeSystemTableTest.swift; sourceTree = "<group>"; };
		DB9A8F441C9E3905005803F6 /* Base */ = {isa = PBXFileReference; lastKnownFileType = text.plist.strings; name = Base; path = Base.lproj/InfoPlist.strings; sourceTree = "<group>"; };
		DB9A8F461C9E3906005803F6 /* ja */ = {isa = PBXFileReference; lastKnownFileType = text.plist.strings; name = ja; path = ja.lproj/InfoPlist.strings; sourceTree = "<group>"; };
		DB9A8F481C9E390D005803F6 /* Base */ = {isa = PBXFileReference; lastKnownFileType = text.plist.strings; name = Base; path = Base.lproj/InfoPlist.strings; sourceTree = "<group>"; };
		DB9A8F4A1C9E390E005803F6 /* ja */ = {isa = PBXFileReference; lastKnownFileType = text.plist.strings; name = ja; path = ja.lproj/InfoPlist.strings; sourceTree = "<group>"; };
		DB9A8FA51C9E3D1B005803F6 /* Grade Converter Pro.app */ = {isa = PBXFileReference; explicitFileType = wrapper.application; includeInIndex = 0; path = "Grade Converter Pro.app"; sourceTree = BUILT_PRODUCTS_DIR; };
		DBD38D201B3FCE8000F9E40F /* Constants.swift */ = {isa = PBXFileReference; fileEncoding = 4; lastKnownFileType = sourcecode.swift; path = Constants.swift; sourceTree = "<group>"; };
		DBD38D261B41063A00F9E40F /* SemiModalPresentationAnimatingTransitioning.swift */ = {isa = PBXFileReference; fileEncoding = 4; lastKnownFileType = sourcecode.swift; path = SemiModalPresentationAnimatingTransitioning.swift; sourceTree = "<group>"; };
		DBD8DFDC1B56574D0078111B /* Base */ = {isa = PBXFileReference; lastKnownFileType = file.xib; name = Base; path = Base.lproj/AddTableViewCell.xib; sourceTree = "<group>"; };
		DBD8DFE11B56575F0078111B /* ja */ = {isa = PBXFileReference; lastKnownFileType = text.plist.strings; name = ja; path = ja.lproj/AddTableViewCell.xib; sourceTree = "<group>"; };
		DBD8DFE51B56C08F0078111B /* Base */ = {isa = PBXFileReference; lastKnownFileType = text.plist.strings; name = Base; path = Base.lproj/Localizable.strings; sourceTree = "<group>"; };
		DBD8DFE71B56C0950078111B /* ja */ = {isa = PBXFileReference; lastKnownFileType = text.plist.strings; name = ja; path = ja.lproj/Localizable.strings; sourceTree = "<group>"; };
		DBFAD8361B6807A500EF244F /* Fabric.framework */ = {isa = PBXFileReference; lastKnownFileType = wrapper.framework; path = Fabric.framework; sourceTree = "<group>"; };
		DBFAD8371B6807A500EF244F /* Crashlytics.framework */ = {isa = PBXFileReference; lastKnownFileType = wrapper.framework; path = Crashlytics.framework; sourceTree = "<group>"; };
		E5AC327A07886A870175D715 /* Pods_Grade_Converter_Pro.framework */ = {isa = PBXFileReference; explicitFileType = wrapper.framework; includeInIndex = 0; path = Pods_Grade_Converter_Pro.framework; sourceTree = BUILT_PRODUCTS_DIR; };
/* End PBXFileReference section */

/* Begin PBXFrameworksBuildPhase section */
		DB711BE51C499D300000C82B /* Frameworks */ = {
			isa = PBXFrameworksBuildPhase;
			buildActionMask = 2147483647;
			files = (
				31A6A407CDF1F09E091717E4 /* libPods-Grade ConverterUITests.a in Frameworks */,
			);
			runOnlyForDeploymentPostprocessing = 0;
		};
		DB940B3B1B3615F400E996F8 /* Frameworks */ = {
			isa = PBXFrameworksBuildPhase;
			buildActionMask = 2147483647;
			files = (
				DB8BEF781EFA486C009F3FBE /* RxCocoa.framework in Frameworks */,
				DB8BEF791EFA486C009F3FBE /* RxSwift.framework in Frameworks */,
				DB8BEF7A1EFA486C009F3FBE /* Alamofire.framework in Frameworks */,
				DB8BEF7B1EFA486C009F3FBE /* RxAlamofire.framework in Frameworks */,
				DBFAD8391B6807A500EF244F /* Crashlytics.framework in Frameworks */,
				DBFAD8381B6807A500EF244F /* Fabric.framework in Frameworks */,
				D32312125837ECA4120D1E7F /* libPods-Grade Converter.a in Frameworks */,
			);
			runOnlyForDeploymentPostprocessing = 0;
		};
		DB940B501B3615F400E996F8 /* Frameworks */ = {
			isa = PBXFrameworksBuildPhase;
			buildActionMask = 2147483647;
			files = (
				DB8BEF8A1EFA5861009F3FBE /* Crashlytics.framework in Frameworks */,
				DB8BEF8B1EFA5861009F3FBE /* Fabric.framework in Frameworks */,
				DB8BEF861EFA5830009F3FBE /* Alamofire.framework in Frameworks */,
				DB8BEF871EFA5830009F3FBE /* RxAlamofire.framework in Frameworks */,
				DB8BEF881EFA5830009F3FBE /* RxCocoa.framework in Frameworks */,
				DB8BEF891EFA5830009F3FBE /* RxSwift.framework in Frameworks */,
				75CA3E39B5DF1880358E959F /* libPods-Grade ConverterTests.a in Frameworks */,
			);
			runOnlyForDeploymentPostprocessing = 0;
		};
		DB9A8F911C9E3D1B005803F6 /* Frameworks */ = {
			isa = PBXFrameworksBuildPhase;
			buildActionMask = 2147483647;
			files = (
				DB8BEF7E1EFA4989009F3FBE /* RxCocoa.framework in Frameworks */,
				DB8BEF7F1EFA4989009F3FBE /* RxSwift.framework in Frameworks */,
				DB8BEF801EFA4989009F3FBE /* Alamofire.framework in Frameworks */,
				DB8BEF811EFA4989009F3FBE /* RxAlamofire.framework in Frameworks */,
				DB9A8F921C9E3D1B005803F6 /* Crashlytics.framework in Frameworks */,
				DB9A8F931C9E3D1B005803F6 /* Fabric.framework in Frameworks */,
				8503CFE4EB75073ADFFDEEF6 /* Pods_Grade_Converter_Pro.framework in Frameworks */,
			);
			runOnlyForDeploymentPostprocessing = 0;
		};
/* End PBXFrameworksBuildPhase section */

/* Begin PBXGroup section */
		81429C1CEFDB1EE5F512E3A9 /* Pods */ = {
			isa = PBXGroup;
			children = (
				11ACBC314021B6B0B8C51082 /* Pods-Grade Converter.debug.xcconfig */,
				4556031EA37B60DD7A730582 /* Pods-Grade Converter.release.xcconfig */,
				C6585F0ACC206DC068CBB85C /* Pods-Grade Converter Pro.debug.xcconfig */,
				19AD17B0163E3F477F0B71A6 /* Pods-Grade Converter Pro.release.xcconfig */,
				AEF56717EDDBBE187425E3D0 /* Pods-Grade ConverterTests.debug.xcconfig */,
				1722EDE481619DB2D4B5804B /* Pods-Grade ConverterTests.release.xcconfig */,
				52890E6D658631B1939AA0FA /* Pods-Grade ConverterUITests.debug.xcconfig */,
				4618E1BC9946D267A032E3C9 /* Pods-Grade ConverterUITests.release.xcconfig */,
			);
			name = Pods;
			sourceTree = "<group>";
		};
		DB3DF5881B4233B400141E47 /* Views */ = {
			isa = PBXGroup;
			children = (
				DB5DC3BE1B3BAB890016F707 /* AddTableViewCell.swift */,
				DBD8DFDD1B56574D0078111B /* AddTableViewCell.xib */,
				DB5DC3C41B3BBDE50016F707 /* EditTableViewCell.swift */,
				DB5DC3C51B3BBDE50016F707 /* EditTableViewCell.xib */,
				DB940B4C1B3615F400E996F8 /* LaunchScreen.xib */,
				DB940B631B361C3B00E996F8 /* MainTableViewCell.swift */,
				DB940B641B361C3B00E996F8 /* MainTableViewCell.xib */,
			);
			path = Views;
			sourceTree = "<group>";
		};
		DB3DF5891B4233BE00141E47 /* View Controllers */ = {
			isa = PBXGroup;
			children = (
				DB5DC3C21B3BAECF0016F707 /* EditViewController.swift */,
				DB79CB9F1B655C4D000024A5 /* InfoViewController.swift */,
				DB940B471B3615F400E996F8 /* Main.storyboard */,
				DB940B451B3615F400E996F8 /* MainViewController.swift */,
			);
			path = "View Controllers";
			sourceTree = "<group>";
		};
		DB3DF58A1B4233FC00141E47 /* Models */ = {
			isa = PBXGroup;
			children = (
				DBD38D201B3FCE8000F9E40F /* Constants.swift */,
				DB940B6A1B364F6C00E996F8 /* GradeSystemTable.swift */,
				DB05E9C81B67330F00577CCD /* Localization.swift */,
			);
			path = Models;
			sourceTree = "<group>";
		};
		DB3DF58B1B42340200141E47 /* Extensions */ = {
			isa = PBXGroup;
			children = (
				DB5DC3B91B3B968D0016F707 /* NSUserDefaults+Additions.swift */,
				DB5DC3CA1B3BE9230016F707 /* UIColor+Additions.swift */,
				DB79CB901B640B7D000024A5 /* UILabel+Additions.swift */,
				DB3DF5BD1B439D5A00141E47 /* UIView+Additions.swift */,
			);
			path = Extensions;
			sourceTree = "<group>";
		};
		DB3DF58C1B42342100141E47 /* Presentations */ = {
			isa = PBXGroup;
			children = (
				DB79CBA11B65F07C000024A5 /* FormSheetPresentationAnimatingTransitioning.swift */,
				DB79CBA31B65F8F0000024A5 /* PresentationAnimatingTransitioning.swift */,
				DB3DF58D1B4235C900141E47 /* PresentationController.swift */,
				DBD38D261B41063A00F9E40F /* SemiModalPresentationAnimatingTransitioning.swift */,
			);
			path = Presentations;
			sourceTree = "<group>";
		};
		DB711BE91C499D300000C82B /* Grade ConverterUITests */ = {
			isa = PBXGroup;
			children = (
				DB711BE31C499D1E0000C82B /* FastlaneSnapshotUITests.swift */,
				DB711BEA1C499D300000C82B /* Grade_ConverterUITests.swift */,
				DB711BEC1C499D300000C82B /* Info.plist */,
				DB711BF31C499D770000C82B /* SnapshotHelper.swift */,
			);
			path = "Grade ConverterUITests";
			sourceTree = "<group>";
		};
		DB79CB9A1B646FB9000024A5 /* Fonts */ = {
			isa = PBXGroup;
			children = (
				DB79CB9B1B646FE3000024A5 /* rounded-mplus-2p-heavy.ttf */,
				DB79CB9C1B646FE3000024A5 /* rounded-mplus-2p-light.ttf */,
			);
			path = Fonts;
			sourceTree = "<group>";
		};
		DB8BEF731EFA486B009F3FBE /* Frameworks */ = {
			isa = PBXGroup;
			children = (
				DB8BEF741EFA486C009F3FBE /* RxCocoa.framework */,
				DB8BEF751EFA486C009F3FBE /* RxSwift.framework */,
				DB8BEF761EFA486C009F3FBE /* Alamofire.framework */,
				DB8BEF771EFA486C009F3FBE /* RxAlamofire.framework */,
				15BF548F3B332458DF25E116 /* libPods-Grade Converter.a */,
				E5AC327A07886A870175D715 /* Pods_Grade_Converter_Pro.framework */,
				D0C3E092D5900472DE01404E /* libPods-Grade ConverterTests.a */,
				11D18186BDBF4AD900574579 /* libPods-Grade ConverterUITests.a */,
			);
			name = Frameworks;
			sourceTree = "<group>";
		};
		DB940B351B3615F400E996F8 = {
			isa = PBXGroup;
			children = (
				DB8BEF731EFA486B009F3FBE /* Frameworks */,
				DB940B401B3615F400E996F8 /* Grade Converter */,
				DB940B561B3615F400E996F8 /* Grade ConverterTests */,
				DB711BE91C499D300000C82B /* Grade ConverterUITests */,
				81429C1CEFDB1EE5F512E3A9 /* Pods */,
				DB940B3F1B3615F400E996F8 /* Products */,
			);
			sourceTree = "<group>";
		};
		DB940B3F1B3615F400E996F8 /* Products */ = {
			isa = PBXGroup;
			children = (
				DB940B3E1B3615F400E996F8 /* Grade Converter.app */,
				DB940B531B3615F400E996F8 /* Grade ConverterTests.xctest */,
				DB711BE81C499D300000C82B /* Grade ConverterUITests.xctest */,
				DB9A8FA51C9E3D1B005803F6 /* Grade Converter Pro.app */,
			);
			name = Products;
			sourceTree = "<group>";
		};
		DB940B401B3615F400E996F8 /* Grade Converter */ = {
			isa = PBXGroup;
			children = (
				DB3DF58B1B42340200141E47 /* Extensions */,
				DB79CB9A1B646FB9000024A5 /* Fonts */,
				DB3DF58A1B4233FC00141E47 /* Models */,
				DB3DF58C1B42342100141E47 /* Presentations */,
				DB940B671B364F2C00E996F8 /* Resources */,
				DB940B411B3615F400E996F8 /* Supporting Files */,
				DB3DF5891B4233BE00141E47 /* View Controllers */,
				DB3DF5881B4233B400141E47 /* Views */,
				DB940B431B3615F400E996F8 /* AppDelegate.swift */,
				DB8BEF701EF8E974009F3FBE /* Grade Converter Pro.entitlements */,
				DB8BEF6F1EF8E34F009F3FBE /* Grade Converter.entitlements */,
				DB940B4A1B3615F400E996F8 /* Images.xcassets */,
			);
			path = "Grade Converter";
			sourceTree = "<group>";
		};
		DB940B411B3615F400E996F8 /* Supporting Files */ = {
			isa = PBXGroup;
			children = (
				DB9A8F3D1C9E3861005803F6 /* Free */,
				DB9A8F3E1C9E3873005803F6 /* Pro */,
				DBFAD8371B6807A500EF244F /* Crashlytics.framework */,
				DBFAD8361B6807A500EF244F /* Fabric.framework */,
				DB76478D1B5311D900BF01E9 /* Grade Converter-Bridging-Header.h */,
				DB940B421B3615F400E996F8 /* Info.plist */,
				DBD8DFE61B56C08F0078111B /* Localizable.strings */,
			);
			path = "Supporting Files";
			sourceTree = "<group>";
		};
		DB940B561B3615F400E996F8 /* Grade ConverterTests */ = {
			isa = PBXGroup;
			children = (
				DB940B571B3615F400E996F8 /* Supporting Files */,
				DB940B6C1B3659E200E996F8 /* GradeSystemTableTest.swift */,
				DB940B591B3615F400E996F8 /* Grade_ConverterTests.swift */,
				DB5DC3BC1B3B96E70016F707 /* NSUserDefaultsTest.swift */,
			);
			path = "Grade ConverterTests";
			sourceTree = "<group>";
		};
		DB940B571B3615F400E996F8 /* Supporting Files */ = {
			isa = PBXGroup;
			children = (
				DB940B581B3615F400E996F8 /* Info.plist */,
			);
			path = "Supporting Files";
			sourceTree = "<group>";
		};
		DB940B671B364F2C00E996F8 /* Resources */ = {
			isa = PBXGroup;
			children = (
				DB940B681B364F3E00E996F8 /* GradeSystemTable.csv */,
			);
			path = Resources;
			sourceTree = "<group>";
		};
		DB9A8F3D1C9E3861005803F6 /* Free */ = {
			isa = PBXGroup;
			children = (
				DB31CF751F03061500E7837E /* GoogleService-Info.plist */,
				DB9A8F491C9E390D005803F6 /* InfoPlist.strings */,
			);
			path = Free;
			sourceTree = "<group>";
		};
		DB9A8F3E1C9E3873005803F6 /* Pro */ = {
			isa = PBXGroup;
			children = (
				DB0B674B21444C6D000056DF /* GoogleService-Info.plist */,
				DB9A8F451C9E3905005803F6 /* InfoPlist.strings */,
			);
			path = Pro;
			sourceTree = "<group>";
		};
/* End PBXGroup section */

/* Begin PBXNativeTarget section */
		DB711BE71C499D300000C82B /* Grade ConverterUITests */ = {
			isa = PBXNativeTarget;
			buildConfigurationList = DB711BEF1C499D300000C82B /* Build configuration list for PBXNativeTarget "Grade ConverterUITests" */;
			buildPhases = (
				5F129CFBCFE5D30C1D48AC35 /* [CP] Check Pods Manifest.lock */,
				DB711BE41C499D300000C82B /* Sources */,
				DB711BE51C499D300000C82B /* Frameworks */,
				DB711BE61C499D300000C82B /* Resources */,
			);
			buildRules = (
			);
			dependencies = (
				DB8BEF6E1EF8D532009F3FBE /* PBXTargetDependency */,
				DB0B674E21444D34000056DF /* PBXTargetDependency */,
			);
			name = "Grade ConverterUITests";
			productName = "Grade ConverterUITests";
			productReference = DB711BE81C499D300000C82B /* Grade ConverterUITests.xctest */;
			productType = "com.apple.product-type.bundle.ui-testing";
		};
		DB940B3D1B3615F400E996F8 /* Grade Converter */ = {
			isa = PBXNativeTarget;
			buildConfigurationList = DB940B5D1B3615F400E996F8 /* Build configuration list for PBXNativeTarget "Grade Converter" */;
			buildPhases = (
				4CB7E284BCD3731DD5EB4FC3 /* [CP] Check Pods Manifest.lock */,
				DB8BEF831EFA4BC0009F3FBE /* Swiftformat */,
				DB940B3A1B3615F400E996F8 /* Sources */,
				DB940B3B1B3615F400E996F8 /* Frameworks */,
				DB940B3C1B3615F400E996F8 /* Resources */,
				DBFAD8351B68070500EF244F /* Fabric */,
				DB8BEF7C1EFA489A009F3FBE /* Carthage */,
			);
			buildRules = (
			);
			dependencies = (
			);
			name = "Grade Converter";
			productName = "Grade Converter";
			productReference = DB940B3E1B3615F400E996F8 /* Grade Converter.app */;
			productType = "com.apple.product-type.application";
		};
		DB940B521B3615F400E996F8 /* Grade ConverterTests */ = {
			isa = PBXNativeTarget;
			buildConfigurationList = DB940B601B3615F400E996F8 /* Build configuration list for PBXNativeTarget "Grade ConverterTests" */;
			buildPhases = (
				D81A6F6ECD524BC25DE3D77E /* [CP] Check Pods Manifest.lock */,
				DB940B4F1B3615F400E996F8 /* Sources */,
				DB940B501B3615F400E996F8 /* Frameworks */,
				DB940B511B3615F400E996F8 /* Resources */,
			);
			buildRules = (
			);
			dependencies = (
				DB940B551B3615F400E996F8 /* PBXTargetDependency */,
			);
			name = "Grade ConverterTests";
			productName = "Grade ConverterTests";
			productReference = DB940B531B3615F400E996F8 /* Grade ConverterTests.xctest */;
			productType = "com.apple.product-type.bundle.unit-test";
		};
		DB9A8F7D1C9E3D1B005803F6 /* Grade Converter Pro */ = {
			isa = PBXNativeTarget;
			buildConfigurationList = DB9A8FA21C9E3D1B005803F6 /* Build configuration list for PBXNativeTarget "Grade Converter Pro" */;
			buildPhases = (
				B5274E8A4E6D2AD66AB0B7E0 /* [CP] Check Pods Manifest.lock */,
				DB8BEF821EFA4B11009F3FBE /* Swiftformat */,
				DB9A8F7E1C9E3D1B005803F6 /* Sources */,
				DB9A8F911C9E3D1B005803F6 /* Frameworks */,
				DB9A8F941C9E3D1B005803F6 /* Resources */,
				DB9A8FA11C9E3D1B005803F6 /* Fabric */,
				DB8BEF7D1EFA491B009F3FBE /* Carthage */,
				039A4978FE276EF5769415D2 /* [CP] Embed Pods Frameworks */,
			);
			buildRules = (
			);
			dependencies = (
			);
			name = "Grade Converter Pro";
			productName = "Grade Converter";
			productReference = DB9A8FA51C9E3D1B005803F6 /* Grade Converter Pro.app */;
			productType = "com.apple.product-type.application";
		};
/* End PBXNativeTarget section */

/* Begin PBXProject section */
		DB940B361B3615F400E996F8 /* Project object */ = {
			isa = PBXProject;
			attributes = {
				LastSwiftUpdateCheck = 0720;
				LastUpgradeCheck = 0940;
				ORGANIZATIONNAME = "Responsive Bytes";
				TargetAttributes = {
					DB711BE71C499D300000C82B = {
						CreatedOnToolsVersion = 7.2;
						DevelopmentTeam = BTWWPDZ4GE;
						LastSwiftMigration = 1020;
						TestTargetID = DB940B3D1B3615F400E996F8;
					};
					DB940B3D1B3615F400E996F8 = {
						CreatedOnToolsVersion = 6.3.2;
						DevelopmentTeam = BTWWPDZ4GE;
						LastSwiftMigration = 1020;
						SystemCapabilities = {
							com.apple.ApplicationGroups.iOS = {
								enabled = 0;
							};
						};
					};
					DB940B521B3615F400E996F8 = {
						CreatedOnToolsVersion = 6.3.2;
						DevelopmentTeam = BTWWPDZ4GE;
						LastSwiftMigration = 1020;
						TestTargetID = DB940B3D1B3615F400E996F8;
					};
					DB9A8F7D1C9E3D1B005803F6 = {
						DevelopmentTeam = BTWWPDZ4GE;
						LastSwiftMigration = 1020;
						SystemCapabilities = {
							com.apple.ApplicationGroups.iOS = {
								enabled = 0;
							};
						};
					};
				};
			};
			buildConfigurationList = DB940B391B3615F400E996F8 /* Build configuration list for PBXProject "Grade Converter" */;
			compatibilityVersion = "Xcode 3.2";
			developmentRegion = English;
			hasScannedForEncodings = 0;
			knownRegions = (
				English,
				en,
				Base,
				ja,
			);
			mainGroup = DB940B351B3615F400E996F8;
			productRefGroup = DB940B3F1B3615F400E996F8 /* Products */;
			projectDirPath = "";
			projectRoot = "";
			targets = (
				DB940B3D1B3615F400E996F8 /* Grade Converter */,
				DB9A8F7D1C9E3D1B005803F6 /* Grade Converter Pro */,
				DB940B521B3615F400E996F8 /* Grade ConverterTests */,
				DB711BE71C499D300000C82B /* Grade ConverterUITests */,
			);
		};
/* End PBXProject section */

/* Begin PBXResourcesBuildPhase section */
		DB711BE61C499D300000C82B /* Resources */ = {
			isa = PBXResourcesBuildPhase;
			buildActionMask = 2147483647;
			files = (
			);
			runOnlyForDeploymentPostprocessing = 0;
		};
		DB940B3C1B3615F400E996F8 /* Resources */ = {
			isa = PBXResourcesBuildPhase;
			buildActionMask = 2147483647;
			files = (
				DB9A8FA81C9E3D8B005803F6 /* InfoPlist.strings in Resources */,
				DB940B491B3615F400E996F8 /* Main.storyboard in Resources */,
				DB940B691B364F3E00E996F8 /* GradeSystemTable.csv in Resources */,
				DB940B4E1B3615F400E996F8 /* LaunchScreen.xib in Resources */,
				DBD8DFDB1B56574D0078111B /* AddTableViewCell.xib in Resources */,
				DB31CF761F03061500E7837E /* GoogleService-Info.plist in Resources */,
				DB940B661B361C3B00E996F8 /* MainTableViewCell.xib in Resources */,
				DBD8DFE41B56C08F0078111B /* Localizable.strings in Resources */,
				DB79CB9E1B646FE3000024A5 /* rounded-mplus-2p-light.ttf in Resources */,
				DB5DC3C71B3BBDE50016F707 /* EditTableViewCell.xib in Resources */,
				DB79CB9D1B646FE3000024A5 /* rounded-mplus-2p-heavy.ttf in Resources */,
				DB940B4B1B3615F400E996F8 /* Images.xcassets in Resources */,
			);
			runOnlyForDeploymentPostprocessing = 0;
		};
		DB940B511B3615F400E996F8 /* Resources */ = {
			isa = PBXResourcesBuildPhase;
			buildActionMask = 2147483647;
			files = (
				DBD8DFE81B56C11E0078111B /* Localizable.strings in Resources */,
			);
			runOnlyForDeploymentPostprocessing = 0;
		};
		DB9A8F941C9E3D1B005803F6 /* Resources */ = {
			isa = PBXResourcesBuildPhase;
			buildActionMask = 2147483647;
			files = (
				DB9A8FA71C9E3D6E005803F6 /* InfoPlist.strings in Resources */,
				DB9A8F951C9E3D1B005803F6 /* Main.storyboard in Resources */,
				DB9A8F971C9E3D1B005803F6 /* GradeSystemTable.csv in Resources */,
				DB9A8F981C9E3D1B005803F6 /* LaunchScreen.xib in Resources */,
				DB9A8F991C9E3D1B005803F6 /* AddTableViewCell.xib in Resources */,
				DB0B674C21444C6E000056DF /* GoogleService-Info.plist in Resources */,
				DB9A8F9A1C9E3D1B005803F6 /* MainTableViewCell.xib in Resources */,
				DB9A8F9B1C9E3D1B005803F6 /* Localizable.strings in Resources */,
				DB9A8F9C1C9E3D1B005803F6 /* rounded-mplus-2p-light.ttf in Resources */,
				DB9A8F9D1C9E3D1B005803F6 /* EditTableViewCell.xib in Resources */,
				DB9A8F9E1C9E3D1B005803F6 /* rounded-mplus-2p-heavy.ttf in Resources */,
				DB9A8FA01C9E3D1B005803F6 /* Images.xcassets in Resources */,
			);
			runOnlyForDeploymentPostprocessing = 0;
		};
/* End PBXResourcesBuildPhase section */

/* Begin PBXShellScriptBuildPhase section */
		039A4978FE276EF5769415D2 /* [CP] Embed Pods Frameworks */ = {
			isa = PBXShellScriptBuildPhase;
			buildActionMask = 2147483647;
			files = (
			);
			inputPaths = (
				"${PODS_ROOT}/Target Support Files/Pods-Grade Converter Pro/Pods-Grade Converter Pro-frameworks.sh",
				"${BUILT_PRODUCTS_DIR}/GoogleUtilities-framework/GoogleUtilities.framework",
				"${BUILT_PRODUCTS_DIR}/nanopb-framework/nanopb.framework",
			);
			name = "[CP] Embed Pods Frameworks";
			outputPaths = (
				"${TARGET_BUILD_DIR}/${FRAMEWORKS_FOLDER_PATH}/GoogleUtilities.framework",
				"${TARGET_BUILD_DIR}/${FRAMEWORKS_FOLDER_PATH}/nanopb.framework",
			);
			runOnlyForDeploymentPostprocessing = 0;
			shellPath = /bin/sh;
			shellScript = "\"${PODS_ROOT}/Target Support Files/Pods-Grade Converter Pro/Pods-Grade Converter Pro-frameworks.sh\"\n";
			showEnvVarsInLog = 0;
		};
		4CB7E284BCD3731DD5EB4FC3 /* [CP] Check Pods Manifest.lock */ = {
			isa = PBXShellScriptBuildPhase;
			buildActionMask = 2147483647;
			files = (
			);
			inputPaths = (
				"${PODS_PODFILE_DIR_PATH}/Podfile.lock",
				"${PODS_ROOT}/Manifest.lock",
			);
			name = "[CP] Check Pods Manifest.lock";
			outputPaths = (
				"$(DERIVED_FILE_DIR)/Pods-Grade Converter-checkManifestLockResult.txt",
			);
			runOnlyForDeploymentPostprocessing = 0;
			shellPath = /bin/sh;
			shellScript = "diff \"${PODS_PODFILE_DIR_PATH}/Podfile.lock\" \"${PODS_ROOT}/Manifest.lock\" > /dev/null\nif [ $? != 0 ] ; then\n    # print error to STDERR\n    echo \"error: The sandbox is not in sync with the Podfile.lock. Run 'pod install' or update your CocoaPods installation.\" >&2\n    exit 1\nfi\n# This output is used by Xcode 'outputs' to avoid re-running this script phase.\necho \"SUCCESS\" > \"${SCRIPT_OUTPUT_FILE_0}\"\n";
			showEnvVarsInLog = 0;
		};
		5F129CFBCFE5D30C1D48AC35 /* [CP] Check Pods Manifest.lock */ = {
			isa = PBXShellScriptBuildPhase;
			buildActionMask = 2147483647;
			files = (
			);
			inputPaths = (
				"${PODS_PODFILE_DIR_PATH}/Podfile.lock",
				"${PODS_ROOT}/Manifest.lock",
			);
			name = "[CP] Check Pods Manifest.lock";
			outputPaths = (
				"$(DERIVED_FILE_DIR)/Pods-Grade ConverterUITests-checkManifestLockResult.txt",
			);
			runOnlyForDeploymentPostprocessing = 0;
			shellPath = /bin/sh;
			shellScript = "diff \"${PODS_PODFILE_DIR_PATH}/Podfile.lock\" \"${PODS_ROOT}/Manifest.lock\" > /dev/null\nif [ $? != 0 ] ; then\n    # print error to STDERR\n    echo \"error: The sandbox is not in sync with the Podfile.lock. Run 'pod install' or update your CocoaPods installation.\" >&2\n    exit 1\nfi\n# This output is used by Xcode 'outputs' to avoid re-running this script phase.\necho \"SUCCESS\" > \"${SCRIPT_OUTPUT_FILE_0}\"\n";
			showEnvVarsInLog = 0;
		};
		B5274E8A4E6D2AD66AB0B7E0 /* [CP] Check Pods Manifest.lock */ = {
			isa = PBXShellScriptBuildPhase;
			buildActionMask = 2147483647;
			files = (
			);
			inputPaths = (
				"${PODS_PODFILE_DIR_PATH}/Podfile.lock",
				"${PODS_ROOT}/Manifest.lock",
			);
			name = "[CP] Check Pods Manifest.lock";
			outputPaths = (
				"$(DERIVED_FILE_DIR)/Pods-Grade Converter Pro-checkManifestLockResult.txt",
			);
			runOnlyForDeploymentPostprocessing = 0;
			shellPath = /bin/sh;
			shellScript = "diff \"${PODS_PODFILE_DIR_PATH}/Podfile.lock\" \"${PODS_ROOT}/Manifest.lock\" > /dev/null\nif [ $? != 0 ] ; then\n    # print error to STDERR\n    echo \"error: The sandbox is not in sync with the Podfile.lock. Run 'pod install' or update your CocoaPods installation.\" >&2\n    exit 1\nfi\n# This output is used by Xcode 'outputs' to avoid re-running this script phase.\necho \"SUCCESS\" > \"${SCRIPT_OUTPUT_FILE_0}\"\n";
			showEnvVarsInLog = 0;
		};
		D81A6F6ECD524BC25DE3D77E /* [CP] Check Pods Manifest.lock */ = {
			isa = PBXShellScriptBuildPhase;
			buildActionMask = 2147483647;
			files = (
			);
			inputPaths = (
				"${PODS_PODFILE_DIR_PATH}/Podfile.lock",
				"${PODS_ROOT}/Manifest.lock",
			);
			name = "[CP] Check Pods Manifest.lock";
			outputPaths = (
				"$(DERIVED_FILE_DIR)/Pods-Grade ConverterTests-checkManifestLockResult.txt",
			);
			runOnlyForDeploymentPostprocessing = 0;
			shellPath = /bin/sh;
			shellScript = "diff \"${PODS_PODFILE_DIR_PATH}/Podfile.lock\" \"${PODS_ROOT}/Manifest.lock\" > /dev/null\nif [ $? != 0 ] ; then\n    # print error to STDERR\n    echo \"error: The sandbox is not in sync with the Podfile.lock. Run 'pod install' or update your CocoaPods installation.\" >&2\n    exit 1\nfi\n# This output is used by Xcode 'outputs' to avoid re-running this script phase.\necho \"SUCCESS\" > \"${SCRIPT_OUTPUT_FILE_0}\"\n";
			showEnvVarsInLog = 0;
		};
		DB8BEF7C1EFA489A009F3FBE /* Carthage */ = {
			isa = PBXShellScriptBuildPhase;
			buildActionMask = 2147483647;
			files = (
			);
			inputPaths = (
				"$(SRCROOT)/Carthage/Build/iOS/RxSwift.framework",
				"$(SRCROOT)/Carthage/Build/iOS/RxCocoa.framework",
				"$(SRCROOT)/Carthage/Build/iOS/Alamofire.framework",
				"$(SRCROOT)/Carthage/Build/iOS/RxAlamofire.framework",
			);
			name = Carthage;
			outputPaths = (
			);
			runOnlyForDeploymentPostprocessing = 0;
			shellPath = /bin/sh;
			shellScript = "/usr/local/bin/carthage copy-frameworks";
		};
		DB8BEF7D1EFA491B009F3FBE /* Carthage */ = {
			isa = PBXShellScriptBuildPhase;
			buildActionMask = 2147483647;
			files = (
			);
			inputPaths = (
				"$(SRCROOT)/Carthage/Build/iOS/RxSwift.framework",
				"$(SRCROOT)/Carthage/Build/iOS/RxCocoa.framework",
				"$(SRCROOT)/Carthage/Build/iOS/Alamofire.framework",
				"$(SRCROOT)/Carthage/Build/iOS/RxAlamofire.framework",
			);
			name = Carthage;
			outputPaths = (
			);
			runOnlyForDeploymentPostprocessing = 0;
			shellPath = /bin/sh;
			shellScript = "/usr/local/bin/carthage copy-frameworks";
		};
		DB8BEF821EFA4B11009F3FBE /* Swiftformat */ = {
			isa = PBXShellScriptBuildPhase;
			buildActionMask = 2147483647;
			files = (
			);
			inputPaths = (
			);
			name = Swiftformat;
			outputPaths = (
			);
			runOnlyForDeploymentPostprocessing = 0;
			shellPath = /bin/sh;
			shellScript = "./scripts/swiftformat ./Grade\\ Converter\n";
		};
		DB8BEF831EFA4BC0009F3FBE /* Swiftformat */ = {
			isa = PBXShellScriptBuildPhase;
			buildActionMask = 2147483647;
			files = (
			);
			inputPaths = (
			);
			name = Swiftformat;
			outputPaths = (
			);
			runOnlyForDeploymentPostprocessing = 0;
			shellPath = /bin/sh;
			shellScript = "./scripts/swiftformat ./Grade\\ Converter";
		};
		DB9A8FA11C9E3D1B005803F6 /* Fabric */ = {
			isa = PBXShellScriptBuildPhase;
			buildActionMask = 2147483647;
			files = (
			);
			inputPaths = (
			);
			name = Fabric;
			outputPaths = (
			);
			runOnlyForDeploymentPostprocessing = 0;
			shellPath = /bin/sh;
			shellScript = "./Grade\\ Converter/Supporting\\ Files/Fabric.framework/run 7b0a99403c40e57432aa63bf676099405145b6ba bc2a12c0c49c9e5399863acd93c8c8714b35668ad21baf12f52418bc33f3fde7\n";
		};
		DBFAD8351B68070500EF244F /* Fabric */ = {
			isa = PBXShellScriptBuildPhase;
			buildActionMask = 2147483647;
			files = (
			);
			inputPaths = (
			);
			name = Fabric;
			outputPaths = (
			);
			runOnlyForDeploymentPostprocessing = 0;
			shellPath = /bin/sh;
			shellScript = "./Grade\\ Converter/Supporting\\ Files/Fabric.framework/run 7b0a99403c40e57432aa63bf676099405145b6ba bc2a12c0c49c9e5399863acd93c8c8714b35668ad21baf12f52418bc33f3fde7\n";
		};
/* End PBXShellScriptBuildPhase section */

/* Begin PBXSourcesBuildPhase section */
		DB711BE41C499D300000C82B /* Sources */ = {
			isa = PBXSourcesBuildPhase;
			buildActionMask = 2147483647;
			files = (
				DB711BEB1C499D300000C82B /* Grade_ConverterUITests.swift in Sources */,
				DB711BF21C499D600000C82B /* FastlaneSnapshotUITests.swift in Sources */,
				DB711BF41C499D770000C82B /* SnapshotHelper.swift in Sources */,
			);
			runOnlyForDeploymentPostprocessing = 0;
		};
		DB940B3A1B3615F400E996F8 /* Sources */ = {
			isa = PBXSourcesBuildPhase;
			buildActionMask = 2147483647;
			files = (
				DB05E9C91B67330F00577CCD /* Localization.swift in Sources */,
				DBD38D211B3FCE8000F9E40F /* Constants.swift in Sources */,
				DB3DF5BE1B439D5A00141E47 /* UIView+Additions.swift in Sources */,
				DB940B461B3615F400E996F8 /* MainViewController.swift in Sources */,
				DB79CB911B640B7D000024A5 /* UILabel+Additions.swift in Sources */,
				DB940B6B1B364F6C00E996F8 /* GradeSystemTable.swift in Sources */,
				DB79CBA01B655C4D000024A5 /* InfoViewController.swift in Sources */,
				DB79CBA41B65F8F0000024A5 /* PresentationAnimatingTransitioning.swift in Sources */,
				DB5DC3BA1B3B968D0016F707 /* NSUserDefaults+Additions.swift in Sources */,
				DB79CBA21B65F07C000024A5 /* FormSheetPresentationAnimatingTransitioning.swift in Sources */,
				DB5DC3C61B3BBDE50016F707 /* EditTableViewCell.swift in Sources */,
				DB5DC3C01B3BAB890016F707 /* AddTableViewCell.swift in Sources */,
				DBD38D271B41063A00F9E40F /* SemiModalPresentationAnimatingTransitioning.swift in Sources */,
				DB940B651B361C3B00E996F8 /* MainTableViewCell.swift in Sources */,
				DB940B441B3615F400E996F8 /* AppDelegate.swift in Sources */,
				DB5DC3C31B3BAECF0016F707 /* EditViewController.swift in Sources */,
				DB5DC3CB1B3BE9230016F707 /* UIColor+Additions.swift in Sources */,
				DB3DF58E1B4235C900141E47 /* PresentationController.swift in Sources */,
			);
			runOnlyForDeploymentPostprocessing = 0;
		};
		DB940B4F1B3615F400E996F8 /* Sources */ = {
			isa = PBXSourcesBuildPhase;
			buildActionMask = 2147483647;
			files = (
				DB5DC3BD1B3B96E70016F707 /* NSUserDefaultsTest.swift in Sources */,
				DB940B5A1B3615F400E996F8 /* Grade_ConverterTests.swift in Sources */,
				DB940B6D1B3659E200E996F8 /* GradeSystemTableTest.swift in Sources */,
			);
			runOnlyForDeploymentPostprocessing = 0;
		};
		DB9A8F7E1C9E3D1B005803F6 /* Sources */ = {
			isa = PBXSourcesBuildPhase;
			buildActionMask = 2147483647;
			files = (
				DB9A8F7F1C9E3D1B005803F6 /* Localization.swift in Sources */,
				DB9A8F801C9E3D1B005803F6 /* Constants.swift in Sources */,
				DB9A8F811C9E3D1B005803F6 /* UIView+Additions.swift in Sources */,
				DB9A8F821C9E3D1B005803F6 /* MainViewController.swift in Sources */,
				DB9A8F831C9E3D1B005803F6 /* UILabel+Additions.swift in Sources */,
				DB9A8F841C9E3D1B005803F6 /* GradeSystemTable.swift in Sources */,
				DB9A8F851C9E3D1B005803F6 /* InfoViewController.swift in Sources */,
				DB9A8F861C9E3D1B005803F6 /* PresentationAnimatingTransitioning.swift in Sources */,
				DB9A8F871C9E3D1B005803F6 /* NSUserDefaults+Additions.swift in Sources */,
				DB9A8F881C9E3D1B005803F6 /* FormSheetPresentationAnimatingTransitioning.swift in Sources */,
				DB9A8F891C9E3D1B005803F6 /* EditTableViewCell.swift in Sources */,
				DB9A8F8A1C9E3D1B005803F6 /* AddTableViewCell.swift in Sources */,
				DB9A8F8B1C9E3D1B005803F6 /* SemiModalPresentationAnimatingTransitioning.swift in Sources */,
				DB9A8F8C1C9E3D1B005803F6 /* MainTableViewCell.swift in Sources */,
				DB9A8F8D1C9E3D1B005803F6 /* AppDelegate.swift in Sources */,
				DB9A8F8E1C9E3D1B005803F6 /* EditViewController.swift in Sources */,
				DB9A8F8F1C9E3D1B005803F6 /* UIColor+Additions.swift in Sources */,
				DB9A8F901C9E3D1B005803F6 /* PresentationController.swift in Sources */,
			);
			runOnlyForDeploymentPostprocessing = 0;
		};
/* End PBXSourcesBuildPhase section */

/* Begin PBXTargetDependency section */
		DB0B674E21444D34000056DF /* PBXTargetDependency */ = {
			isa = PBXTargetDependency;
			target = DB940B3D1B3615F400E996F8 /* Grade Converter */;
			targetProxy = DB0B674D21444D34000056DF /* PBXContainerItemProxy */;
		};
		DB8BEF6E1EF8D532009F3FBE /* PBXTargetDependency */ = {
			isa = PBXTargetDependency;
			target = DB9A8F7D1C9E3D1B005803F6 /* Grade Converter Pro */;
			targetProxy = DB8BEF6D1EF8D532009F3FBE /* PBXContainerItemProxy */;
		};
		DB940B551B3615F400E996F8 /* PBXTargetDependency */ = {
			isa = PBXTargetDependency;
			target = DB940B3D1B3615F400E996F8 /* Grade Converter */;
			targetProxy = DB940B541B3615F400E996F8 /* PBXContainerItemProxy */;
		};
/* End PBXTargetDependency section */

/* Begin PBXVariantGroup section */
		DB940B471B3615F400E996F8 /* Main.storyboard */ = {
			isa = PBXVariantGroup;
			children = (
				DB940B481B3615F400E996F8 /* Base */,
				DB79CBAC1B668BBB000024A5 /* en */,
				DB79CBAE1B668BC2000024A5 /* ja */,
			);
			name = Main.storyboard;
			path = .;
			sourceTree = "<group>";
		};
		DB940B4C1B3615F400E996F8 /* LaunchScreen.xib */ = {
			isa = PBXVariantGroup;
			children = (
				DB940B4D1B3615F400E996F8 /* Base */,
			);
			name = LaunchScreen.xib;
			path = .;
			sourceTree = "<group>";
		};
		DB9A8F451C9E3905005803F6 /* InfoPlist.strings */ = {
			isa = PBXVariantGroup;
			children = (
				DB9A8F441C9E3905005803F6 /* Base */,
				DB9A8F461C9E3906005803F6 /* ja */,
			);
			name = InfoPlist.strings;
			path = .;
			sourceTree = "<group>";
		};
		DB9A8F491C9E390D005803F6 /* InfoPlist.strings */ = {
			isa = PBXVariantGroup;
			children = (
				DB9A8F481C9E390D005803F6 /* Base */,
				DB9A8F4A1C9E390E005803F6 /* ja */,
			);
			name = InfoPlist.strings;
			path = .;
			sourceTree = "<group>";
		};
		DBD8DFDD1B56574D0078111B /* AddTableViewCell.xib */ = {
			isa = PBXVariantGroup;
			children = (
				DBD8DFDC1B56574D0078111B /* Base */,
				DBD8DFE11B56575F0078111B /* ja */,
			);
			name = AddTableViewCell.xib;
			path = .;
			sourceTree = "<group>";
		};
		DBD8DFE61B56C08F0078111B /* Localizable.strings */ = {
			isa = PBXVariantGroup;
			children = (
				DBD8DFE51B56C08F0078111B /* Base */,
				DBD8DFE71B56C0950078111B /* ja */,
			);
			name = Localizable.strings;
			path = .;
			sourceTree = "<group>";
		};
/* End PBXVariantGroup section */

/* Begin XCBuildConfiguration section */
		DB711BF01C499D300000C82B /* Debug */ = {
			isa = XCBuildConfiguration;
			baseConfigurationReference = 52890E6D658631B1939AA0FA /* Pods-Grade ConverterUITests.debug.xcconfig */;
			buildSettings = {
				DEBUG_INFORMATION_FORMAT = dwarf;
				DEVELOPMENT_TEAM = BTWWPDZ4GE;
				INFOPLIST_FILE = "Grade ConverterUITests/Info.plist";
				IPHONEOS_DEPLOYMENT_TARGET = 10.0;
				LD_RUNPATH_SEARCH_PATHS = "$(inherited) @executable_path/Frameworks @loader_path/Frameworks";
				PRODUCT_BUNDLE_IDENTIFIER = "com.yfujiki.Grade-ConverterUITests";
				PRODUCT_NAME = "$(TARGET_NAME)";
				SWIFT_VERSION = 5.0;
				TEST_TARGET_NAME = "Grade Converter";
				USES_XCTRUNNER = YES;
			};
			name = Debug;
		};
		DB711BF11C499D300000C82B /* Release */ = {
			isa = XCBuildConfiguration;
			baseConfigurationReference = 4618E1BC9946D267A032E3C9 /* Pods-Grade ConverterUITests.release.xcconfig */;
			buildSettings = {
				DEVELOPMENT_TEAM = BTWWPDZ4GE;
				INFOPLIST_FILE = "Grade ConverterUITests/Info.plist";
				IPHONEOS_DEPLOYMENT_TARGET = 10.0;
				LD_RUNPATH_SEARCH_PATHS = "$(inherited) @executable_path/Frameworks @loader_path/Frameworks";
				PRODUCT_BUNDLE_IDENTIFIER = "com.yfujiki.Grade-ConverterUITests";
				PRODUCT_NAME = "$(TARGET_NAME)";
				SWIFT_VERSION = 5.0;
				TEST_TARGET_NAME = "Grade Converter";
				USES_XCTRUNNER = YES;
			};
			name = Release;
		};
		DB940B5B1B3615F400E996F8 /* Debug */ = {
			isa = XCBuildConfiguration;
			buildSettings = {
				ALWAYS_SEARCH_USER_PATHS = NO;
				CLANG_ANALYZER_LOCALIZABILITY_NONLOCALIZED = YES;
				CLANG_CXX_LANGUAGE_STANDARD = "gnu++0x";
				CLANG_CXX_LIBRARY = "libc++";
				CLANG_ENABLE_MODULES = YES;
				CLANG_ENABLE_OBJC_ARC = YES;
				CLANG_WARN_BLOCK_CAPTURE_AUTORELEASING = YES;
				CLANG_WARN_BOOL_CONVERSION = YES;
				CLANG_WARN_COMMA = YES;
				CLANG_WARN_CONSTANT_CONVERSION = YES;
				CLANG_WARN_DEPRECATED_OBJC_IMPLEMENTATIONS = YES;
				CLANG_WARN_DIRECT_OBJC_ISA_USAGE = YES_ERROR;
				CLANG_WARN_EMPTY_BODY = YES;
				CLANG_WARN_ENUM_CONVERSION = YES;
				CLANG_WARN_INFINITE_RECURSION = YES;
				CLANG_WARN_INT_CONVERSION = YES;
				CLANG_WARN_NON_LITERAL_NULL_CONVERSION = YES;
				CLANG_WARN_OBJC_IMPLICIT_RETAIN_SELF = YES;
				CLANG_WARN_OBJC_LITERAL_CONVERSION = YES;
				CLANG_WARN_OBJC_ROOT_CLASS = YES_ERROR;
				CLANG_WARN_RANGE_LOOP_ANALYSIS = YES;
				CLANG_WARN_STRICT_PROTOTYPES = YES;
				CLANG_WARN_SUSPICIOUS_MOVE = YES;
				CLANG_WARN_UNREACHABLE_CODE = YES;
				CLANG_WARN__DUPLICATE_METHOD_MATCH = YES;
				"CODE_SIGN_IDENTITY[sdk=iphoneos*]" = "iPhone Developer";
				COPY_PHASE_STRIP = NO;
				DEBUG_INFORMATION_FORMAT = "dwarf-with-dsym";
				ENABLE_STRICT_OBJC_MSGSEND = YES;
				ENABLE_TESTABILITY = YES;
				FRAMEWORK_SEARCH_PATHS = (
					"$(PROJECT_DIR)/Grade\\ Converter/Supporting\\ Files/**",
					"$(PROJECT_DIR)/Carthage/Build/iOS",
					.,
				);
				GCC_C_LANGUAGE_STANDARD = gnu99;
				GCC_DYNAMIC_NO_PIC = NO;
				GCC_NO_COMMON_BLOCKS = YES;
				GCC_OPTIMIZATION_LEVEL = 0;
				GCC_PREPROCESSOR_DEFINITIONS = (
					"DEBUG=1",
					"$(inherited)",
				);
				GCC_SYMBOLS_PRIVATE_EXTERN = NO;
				GCC_WARN_64_TO_32_BIT_CONVERSION = YES;
				GCC_WARN_ABOUT_RETURN_TYPE = YES_ERROR;
				GCC_WARN_UNDECLARED_SELECTOR = YES;
				GCC_WARN_UNINITIALIZED_AUTOS = YES_AGGRESSIVE;
				GCC_WARN_UNUSED_FUNCTION = YES;
				GCC_WARN_UNUSED_VARIABLE = YES;
				IPHONEOS_DEPLOYMENT_TARGET = 11.0;
				MTL_ENABLE_DEBUG_INFO = YES;
				ONLY_ACTIVE_ARCH = YES;
				OTHER_SWIFT_FLAGS = "-D DEBUG";
				SDKROOT = iphoneos;
				SWIFT_OPTIMIZATION_LEVEL = "-Onone";
			};
			name = Debug;
		};
		DB940B5C1B3615F400E996F8 /* Release */ = {
			isa = XCBuildConfiguration;
			buildSettings = {
				ALWAYS_SEARCH_USER_PATHS = NO;
				CLANG_ANALYZER_LOCALIZABILITY_NONLOCALIZED = YES;
				CLANG_CXX_LANGUAGE_STANDARD = "gnu++0x";
				CLANG_CXX_LIBRARY = "libc++";
				CLANG_ENABLE_MODULES = YES;
				CLANG_ENABLE_OBJC_ARC = YES;
				CLANG_WARN_BLOCK_CAPTURE_AUTORELEASING = YES;
				CLANG_WARN_BOOL_CONVERSION = YES;
				CLANG_WARN_COMMA = YES;
				CLANG_WARN_CONSTANT_CONVERSION = YES;
				CLANG_WARN_DEPRECATED_OBJC_IMPLEMENTATIONS = YES;
				CLANG_WARN_DIRECT_OBJC_ISA_USAGE = YES_ERROR;
				CLANG_WARN_EMPTY_BODY = YES;
				CLANG_WARN_ENUM_CONVERSION = YES;
				CLANG_WARN_INFINITE_RECURSION = YES;
				CLANG_WARN_INT_CONVERSION = YES;
				CLANG_WARN_NON_LITERAL_NULL_CONVERSION = YES;
				CLANG_WARN_OBJC_IMPLICIT_RETAIN_SELF = YES;
				CLANG_WARN_OBJC_LITERAL_CONVERSION = YES;
				CLANG_WARN_OBJC_ROOT_CLASS = YES_ERROR;
				CLANG_WARN_RANGE_LOOP_ANALYSIS = YES;
				CLANG_WARN_STRICT_PROTOTYPES = YES;
				CLANG_WARN_SUSPICIOUS_MOVE = YES;
				CLANG_WARN_UNREACHABLE_CODE = YES;
				CLANG_WARN__DUPLICATE_METHOD_MATCH = YES;
				"CODE_SIGN_IDENTITY[sdk=iphoneos*]" = "iPhone Developer";
				COPY_PHASE_STRIP = NO;
				DEBUG_INFORMATION_FORMAT = "dwarf-with-dsym";
				ENABLE_NS_ASSERTIONS = NO;
				ENABLE_STRICT_OBJC_MSGSEND = YES;
				FRAMEWORK_SEARCH_PATHS = (
					"$(PROJECT_DIR)/Grade\\ Converter/Supporting\\ Files/**",
					"$(PROJECT_DIR)/Carthage/Build/iOS",
					.,
				);
				GCC_C_LANGUAGE_STANDARD = gnu99;
				GCC_NO_COMMON_BLOCKS = YES;
				GCC_WARN_64_TO_32_BIT_CONVERSION = YES;
				GCC_WARN_ABOUT_RETURN_TYPE = YES_ERROR;
				GCC_WARN_UNDECLARED_SELECTOR = YES;
				GCC_WARN_UNINITIALIZED_AUTOS = YES_AGGRESSIVE;
				GCC_WARN_UNUSED_FUNCTION = YES;
				GCC_WARN_UNUSED_VARIABLE = YES;
				IPHONEOS_DEPLOYMENT_TARGET = 11.0;
				MTL_ENABLE_DEBUG_INFO = NO;
				OTHER_SWIFT_FLAGS = "";
				SDKROOT = iphoneos;
				SWIFT_OPTIMIZATION_LEVEL = "-Owholemodule";
				VALIDATE_PRODUCT = YES;
			};
			name = Release;
		};
		DB940B5E1B3615F400E996F8 /* Debug */ = {
			isa = XCBuildConfiguration;
			baseConfigurationReference = 11ACBC314021B6B0B8C51082 /* Pods-Grade Converter.debug.xcconfig */;
			buildSettings = {
				ASSETCATALOG_COMPILER_APPICON_NAME = AppIcon;
				BUNDLE_DISPLAY_NAME = Grades;
				CURRENT_PROJECT_VERSION = 8;
				DEVELOPMENT_TEAM = BTWWPDZ4GE;
				FRAMEWORK_SEARCH_PATHS = "$(inherited)";
				INFOPLIST_FILE = "Grade Converter/Supporting Files/Info.plist";
				IPHONEOS_DEPLOYMENT_TARGET = 11.0;
				LD_RUNPATH_SEARCH_PATHS = "$(inherited) @executable_path/Frameworks";
				PRODUCT_BUNDLE_IDENTIFIER = com.yfujiki.gradeconverter;
				PRODUCT_NAME = "$(TARGET_NAME)";
				SWIFT_OBJC_BRIDGING_HEADER = "Grade Converter/Supporting Files/Grade Converter-Bridging-Header.h";
				SWIFT_VERSION = 5.0;
				VERSIONING_SYSTEM = "apple-generic";
			};
			name = Debug;
		};
		DB940B5F1B3615F400E996F8 /* Release */ = {
			isa = XCBuildConfiguration;
			baseConfigurationReference = 4556031EA37B60DD7A730582 /* Pods-Grade Converter.release.xcconfig */;
			buildSettings = {
				ASSETCATALOG_COMPILER_APPICON_NAME = AppIcon;
				BUNDLE_DISPLAY_NAME = Grades;
				CURRENT_PROJECT_VERSION = 8;
				DEVELOPMENT_TEAM = BTWWPDZ4GE;
				FRAMEWORK_SEARCH_PATHS = "$(inherited)";
				INFOPLIST_FILE = "Grade Converter/Supporting Files/Info.plist";
				IPHONEOS_DEPLOYMENT_TARGET = 11.0;
				LD_RUNPATH_SEARCH_PATHS = "$(inherited) @executable_path/Frameworks";
				PRODUCT_BUNDLE_IDENTIFIER = com.yfujiki.gradeconverter;
				PRODUCT_NAME = "$(TARGET_NAME)";
				SWIFT_OBJC_BRIDGING_HEADER = "Grade Converter/Supporting Files/Grade Converter-Bridging-Header.h";
				SWIFT_VERSION = 5.0;
				VERSIONING_SYSTEM = "apple-generic";
			};
			name = Release;
		};
		DB940B611B3615F400E996F8 /* Debug */ = {
			isa = XCBuildConfiguration;
			baseConfigurationReference = AEF56717EDDBBE187425E3D0 /* Pods-Grade ConverterTests.debug.xcconfig */;
			buildSettings = {
				BUNDLE_LOADER = "$(TEST_HOST)";
				DEVELOPMENT_TEAM = BTWWPDZ4GE;
				FRAMEWORK_SEARCH_PATHS = (
					"$(inherited)",
					"$(PROJECT_DIR)/Carthage/Build/iOS",
					"$(PROJECT_DIR)",
				);
				GCC_PREPROCESSOR_DEFINITIONS = (
					"DEBUG=1",
					"$(inherited)",
				);
				INFOPLIST_FILE = "Grade ConverterTests/Supporting Files/Info.plist";
				LD_RUNPATH_SEARCH_PATHS = "$(inherited) @executable_path/Frameworks @loader_path/Frameworks";
				PRODUCT_BUNDLE_IDENTIFIER = "com.yfujiki.$(PRODUCT_NAME:rfc1034identifier)";
				PRODUCT_NAME = "$(TARGET_NAME)";
				SWIFT_VERSION = 5.0;
				TEST_HOST = "$(BUILT_PRODUCTS_DIR)/Grade Converter.app/Grade Converter";
			};
			name = Debug;
		};
		DB940B621B3615F400E996F8 /* Release */ = {
			isa = XCBuildConfiguration;
			baseConfigurationReference = 1722EDE481619DB2D4B5804B /* Pods-Grade ConverterTests.release.xcconfig */;
			buildSettings = {
				BUNDLE_LOADER = "$(TEST_HOST)";
				DEVELOPMENT_TEAM = BTWWPDZ4GE;
				FRAMEWORK_SEARCH_PATHS = (
					"$(inherited)",
					"$(PROJECT_DIR)/Carthage/Build/iOS",
					"$(PROJECT_DIR)",
				);
				INFOPLIST_FILE = "Grade ConverterTests/Supporting Files/Info.plist";
				LD_RUNPATH_SEARCH_PATHS = "$(inherited) @executable_path/Frameworks @loader_path/Frameworks";
				PRODUCT_BUNDLE_IDENTIFIER = "com.yfujiki.$(PRODUCT_NAME:rfc1034identifier)";
				PRODUCT_NAME = "$(TARGET_NAME)";
				SWIFT_VERSION = 5.0;
				TEST_HOST = "$(BUILT_PRODUCTS_DIR)/Grade Converter.app/Grade Converter";
			};
			name = Release;
		};
		DB9A8FA31C9E3D1B005803F6 /* Debug */ = {
			isa = XCBuildConfiguration;
			baseConfigurationReference = C6585F0ACC206DC068CBB85C /* Pods-Grade Converter Pro.debug.xcconfig */;
			buildSettings = {
				ASSETCATALOG_COMPILER_APPICON_NAME = AppIcon;
				BUNDLE_DISPLAY_NAME = "Grades Pro";
				CURRENT_PROJECT_VERSION = 8;
				DEVELOPMENT_TEAM = BTWWPDZ4GE;
				FRAMEWORK_SEARCH_PATHS = "$(inherited)";
				INFOPLIST_FILE = "Grade Converter/Supporting Files/Info.plist";
				IPHONEOS_DEPLOYMENT_TARGET = 11.0;
				LD_RUNPATH_SEARCH_PATHS = "$(inherited) @executable_path/Frameworks";
				OTHER_SWIFT_FLAGS = "-D DEBUG -D PRO";
				PRODUCT_BUNDLE_IDENTIFIER = com.yfujiki.gradeconverterpro;
				PRODUCT_NAME = "$(TARGET_NAME)";
				SWIFT_OBJC_BRIDGING_HEADER = "Grade Converter/Supporting Files/Grade Converter-Bridging-Header.h";
				SWIFT_VERSION = 5.0;
				VERSIONING_SYSTEM = "apple-generic";
			};
			name = Debug;
		};
		DB9A8FA41C9E3D1B005803F6 /* Release */ = {
			isa = XCBuildConfiguration;
			baseConfigurationReference = 19AD17B0163E3F477F0B71A6 /* Pods-Grade Converter Pro.release.xcconfig */;
			buildSettings = {
				ASSETCATALOG_COMPILER_APPICON_NAME = AppIcon;
				BUNDLE_DISPLAY_NAME = "Grades Pro";
				CURRENT_PROJECT_VERSION = 8;
				DEVELOPMENT_TEAM = BTWWPDZ4GE;
				FRAMEWORK_SEARCH_PATHS = "$(inherited)";
				INFOPLIST_FILE = "Grade Converter/Supporting Files/Info.plist";
				IPHONEOS_DEPLOYMENT_TARGET = 11.0;
				LD_RUNPATH_SEARCH_PATHS = "$(inherited) @executable_path/Frameworks";
				OTHER_SWIFT_FLAGS = "-D PRO";
				PRODUCT_BUNDLE_IDENTIFIER = com.yfujiki.gradeconverterpro;
				PRODUCT_NAME = "$(TARGET_NAME)";
				SWIFT_OBJC_BRIDGING_HEADER = "Grade Converter/Supporting Files/Grade Converter-Bridging-Header.h";
				SWIFT_VERSION = 5.0;
				VERSIONING_SYSTEM = "apple-generic";
			};
			name = Release;
		};
/* End XCBuildConfiguration section */

/* Begin XCConfigurationList section */
		DB711BEF1C499D300000C82B /* Build configuration list for PBXNativeTarget "Grade ConverterUITests" */ = {
			isa = XCConfigurationList;
			buildConfigurations = (
				DB711BF01C499D300000C82B /* Debug */,
				DB711BF11C499D300000C82B /* Release */,
			);
			defaultConfigurationIsVisible = 0;
			defaultConfigurationName = Release;
		};
		DB940B391B3615F400E996F8 /* Build configuration list for PBXProject "Grade Converter" */ = {
			isa = XCConfigurationList;
			buildConfigurations = (
				DB940B5B1B3615F400E996F8 /* Debug */,
				DB940B5C1B3615F400E996F8 /* Release */,
			);
			defaultConfigurationIsVisible = 0;
			defaultConfigurationName = Release;
		};
		DB940B5D1B3615F400E996F8 /* Build configuration list for PBXNativeTarget "Grade Converter" */ = {
			isa = XCConfigurationList;
			buildConfigurations = (
				DB940B5E1B3615F400E996F8 /* Debug */,
				DB940B5F1B3615F400E996F8 /* Release */,
			);
			defaultConfigurationIsVisible = 0;
			defaultConfigurationName = Release;
		};
		DB940B601B3615F400E996F8 /* Build configuration list for PBXNativeTarget "Grade ConverterTests" */ = {
			isa = XCConfigurationList;
			buildConfigurations = (
				DB940B611B3615F400E996F8 /* Debug */,
				DB940B621B3615F400E996F8 /* Release */,
			);
			defaultConfigurationIsVisible = 0;
			defaultConfigurationName = Release;
		};
		DB9A8FA21C9E3D1B005803F6 /* Build configuration list for PBXNativeTarget "Grade Converter Pro" */ = {
			isa = XCConfigurationList;
			buildConfigurations = (
				DB9A8FA31C9E3D1B005803F6 /* Debug */,
				DB9A8FA41C9E3D1B005803F6 /* Release */,
			);
			defaultConfigurationIsVisible = 0;
			defaultConfigurationName = Release;
		};
/* End XCConfigurationList section */
	};
	rootObject = DB940B361B3615F400E996F8 /* Project object */;
}
